
Microsoft Visual Studio Solution File, Format Version 12.00
# Visual Studio Version 17
VisualStudioVersion = 17.3.32929.385
MinimumVisualStudioVersion = 10.0.40219.1
Project("{9A19103F-16F7-4668-BE54-9A1E7A4F7556}") = "StreamerWinui", "StreamerWinui\StreamerWinui.csproj", "{DC2A7342-BE4E-4C7F-AE95-FC390885091C}"
EndProject
Project("{9A19103F-16F7-4668-BE54-9A1E7A4F7556}") = "StreamerLib", "StreamerLib\StreamerLib.csproj", "{BAB5BEC7-CBD1-47E4-81F8-AC4026698A43}"
EndProject
Project("{9A19103F-16F7-4668-BE54-9A1E7A4F7556}") = "WpfApp", "WpfApp\WpfApp.csproj", "{296828F7-8B3C-43ED-9141-63889E522D49}"
EndProject
Global
	GlobalSection(SolutionConfigurationPlatforms) = preSolution
		Debug|Any CPU = Debug|Any CPU
		Debug|x64 = Debug|x64
		Release|Any CPU = Release|Any CPU
		Release|x64 = Release|x64
	EndGlobalSection
	GlobalSection(ProjectConfigurationPlatforms) = postSolution
		{DC2A7342-BE4E-4C7F-AE95-FC390885091C}.Debug|Any CPU.ActiveCfg = Debug|x64
		{DC2A7342-BE4E-4C7F-AE95-FC390885091C}.Debug|Any CPU.Build.0 = Debug|x64
		{DC2A7342-BE4E-4C7F-AE95-FC390885091C}.Debug|x64.ActiveCfg = Debug|x64
		{DC2A7342-BE4E-4C7F-AE95-FC390885091C}.Debug|x64.Build.0 = Debug|x64
		{DC2A7342-BE4E-4C7F-AE95-FC390885091C}.Debug|x64.Deploy.0 = Debug|x64
		{DC2A7342-BE4E-4C7F-AE95-FC390885091C}.Release|Any CPU.ActiveCfg = Release|x64
		{DC2A7342-BE4E-4C7F-AE95-FC390885091C}.Release|Any CPU.Build.0 = Release|x64
		{DC2A7342-BE4E-4C7F-AE95-FC390885091C}.Release|x64.ActiveCfg = Release|x64
		{DC2A7342-BE4E-4C7F-AE95-FC390885091C}.Release|x64.Build.0 = Release|x64
		{DC2A7342-BE4E-4C7F-AE95-FC390885091C}.Release|x64.Deploy.0 = Release|x64
		{BAB5BEC7-CBD1-47E4-81F8-AC4026698A43}.Debug|Any CPU.ActiveCfg = Debug|Any CPU
		{BAB5BEC7-CBD1-47E4-81F8-AC4026698A43}.Debug|Any CPU.Build.0 = Debug|Any CPU
		{BAB5BEC7-CBD1-47E4-81F8-AC4026698A43}.Debug|x64.ActiveCfg = Debug|Any CPU
		{BAB5BEC7-CBD1-47E4-81F8-AC4026698A43}.Debug|x64.Build.0 = Debug|Any CPU
		{BAB5BEC7-CBD1-47E4-81F8-AC4026698A43}.Release|Any CPU.ActiveCfg = Release|Any CPU
		{BAB5BEC7-CBD1-47E4-81F8-AC4026698A43}.Release|Any CPU.Build.0 = Release|Any CPU
		{BAB5BEC7-CBD1-47E4-81F8-AC4026698A43}.Release|x64.ActiveCfg = Release|Any CPU
		{BAB5BEC7-CBD1-47E4-81F8-AC4026698A43}.Release|x64.Build.0 = Release|Any CPU
		{296828F7-8B3C-43ED-9141-63889E522D49}.Debug|Any CPU.ActiveCfg = Debug|Any CPU
		{296828F7-8B3C-43ED-9141-63889E522D49}.Debug|Any CPU.Build.0 = Debug|Any CPU
		{296828F7-8B3C-43ED-9141-63889E522D49}.Debug|x64.ActiveCfg = Debug|Any CPU
		{296828F7-8B3C-43ED-9141-63889E522D49}.Debug|x64.Build.0 = Debug|Any CPU
		{296828F7-8B3C-43ED-9141-63889E522D49}.Release|Any CPU.ActiveCfg = Release|Any CPU
		{296828F7-8B3C-43ED-9141-63889E522D49}.Release|Any CPU.Build.0 = Release|Any CPU
		{296828F7-8B3C-43ED-9141-63889E522D49}.Release|x64.ActiveCfg = Release|Any CPU
		{296828F7-8B3C-43ED-9141-63889E522D49}.Release|x64.Build.0 = Release|Any CPU
	EndGlobalSection
	GlobalSection(SolutionProperties) = preSolution
		HideSolutionNode = FALSE
	EndGlobalSection
	GlobalSection(ExtensibilityGlobals) = postSolution
		SolutionGuid = {4D1749C2-CA13-47C9-9216-42528D0B57CD}
	EndGlobalSection
EndGlobal
