
Microsoft Visual Studio Solution File, Format Version 12.00
# Visual Studio Version 17
VisualStudioVersion = 17.3.32929.385
MinimumVisualStudioVersion = 10.0.40219.1
Project("{9A19103F-16F7-4668-BE54-9A1E7A4F7556}") = "StreamerWinui", "StreamerWinui\StreamerWinui.csproj", "{DC2A7342-BE4E-4C7F-AE95-FC390885091C}"
EndProject
Project("{9A19103F-16F7-4668-BE54-9A1E7A4F7556}") = "StreamerLib", "StreamerLib\StreamerLib.csproj", "{BAB5BEC7-CBD1-47E4-81F8-AC4026698A43}"
EndProject
Project("{9A19103F-16F7-4668-BE54-9A1E7A4F7556}") = "WpfApp", "WpfApp\WpfApp.csproj", "{296828F7-8B3C-43ED-9141-63889E522D49}"
EndProject
Project("{FAE04EC0-301F-11D3-BF4B-00C04F79EFBC}") = "Win2DTest", "Win2DTest\Win2DTest.csproj", "{08996D69-F30F-4DC8-95D4-FFC7ECD2032A}"
EndProject
Global
	GlobalSection(SolutionConfigurationPlatforms) = preSolution
		Debug|Any CPU = Debug|Any CPU
		Debug|ARM64 = Debug|ARM64
		Debug|x64 = Debug|x64
		Debug|x86 = Debug|x86
		Release|Any CPU = Release|Any CPU
		Release|ARM64 = Release|ARM64
		Release|x64 = Release|x64
		Release|x86 = Release|x86
	EndGlobalSection
	GlobalSection(ProjectConfigurationPlatforms) = postSolution
		{DC2A7342-BE4E-4C7F-AE95-FC390885091C}.Debug|Any CPU.ActiveCfg = Debug|x64
		{DC2A7342-BE4E-4C7F-AE95-FC390885091C}.Debug|Any CPU.Build.0 = Debug|x64
		{DC2A7342-BE4E-4C7F-AE95-FC390885091C}.Debug|ARM64.ActiveCfg = Debug|arm64
		{DC2A7342-BE4E-4C7F-AE95-FC390885091C}.Debug|ARM64.Build.0 = Debug|arm64
		{DC2A7342-BE4E-4C7F-AE95-FC390885091C}.Debug|x64.ActiveCfg = Debug|x64
		{DC2A7342-BE4E-4C7F-AE95-FC390885091C}.Debug|x64.Build.0 = Debug|x64
		{DC2A7342-BE4E-4C7F-AE95-FC390885091C}.Debug|x64.Deploy.0 = Debug|x64
		{DC2A7342-BE4E-4C7F-AE95-FC390885091C}.Debug|x86.ActiveCfg = Debug|x64
		{DC2A7342-BE4E-4C7F-AE95-FC390885091C}.Debug|x86.Build.0 = Debug|x64
		{DC2A7342-BE4E-4C7F-AE95-FC390885091C}.Release|Any CPU.ActiveCfg = Release|x64
		{DC2A7342-BE4E-4C7F-AE95-FC390885091C}.Release|Any CPU.Build.0 = Release|x64
		{DC2A7342-BE4E-4C7F-AE95-FC390885091C}.Release|ARM64.ActiveCfg = Release|arm64
		{DC2A7342-BE4E-4C7F-AE95-FC390885091C}.Release|ARM64.Build.0 = Release|arm64
		{DC2A7342-BE4E-4C7F-AE95-FC390885091C}.Release|x64.ActiveCfg = Release|x64
		{DC2A7342-BE4E-4C7F-AE95-FC390885091C}.Release|x64.Build.0 = Release|x64
		{DC2A7342-BE4E-4C7F-AE95-FC390885091C}.Release|x64.Deploy.0 = Release|x64
		{DC2A7342-BE4E-4C7F-AE95-FC390885091C}.Release|x86.ActiveCfg = Release|x64
		{DC2A7342-BE4E-4C7F-AE95-FC390885091C}.Release|x86.Build.0 = Release|x64
		{BAB5BEC7-CBD1-47E4-81F8-AC4026698A43}.Debug|Any CPU.ActiveCfg = Debug|Any CPU
		{BAB5BEC7-CBD1-47E4-81F8-AC4026698A43}.Debug|Any CPU.Build.0 = Debug|Any CPU
		{BAB5BEC7-CBD1-47E4-81F8-AC4026698A43}.Debug|ARM64.ActiveCfg = Debug|Any CPU
		{BAB5BEC7-CBD1-47E4-81F8-AC4026698A43}.Debug|ARM64.Build.0 = Debug|Any CPU
		{BAB5BEC7-CBD1-47E4-81F8-AC4026698A43}.Debug|x64.ActiveCfg = Debug|Any CPU
		{BAB5BEC7-CBD1-47E4-81F8-AC4026698A43}.Debug|x64.Build.0 = Debug|Any CPU
		{BAB5BEC7-CBD1-47E4-81F8-AC4026698A43}.Debug|x86.ActiveCfg = Debug|Any CPU
		{BAB5BEC7-CBD1-47E4-81F8-AC4026698A43}.Debug|x86.Build.0 = Debug|Any CPU
		{BAB5BEC7-CBD1-47E4-81F8-AC4026698A43}.Release|Any CPU.ActiveCfg = Release|Any CPU
		{BAB5BEC7-CBD1-47E4-81F8-AC4026698A43}.Release|Any CPU.Build.0 = Release|Any CPU
		{BAB5BEC7-CBD1-47E4-81F8-AC4026698A43}.Release|ARM64.ActiveCfg = Release|Any CPU
		{BAB5BEC7-CBD1-47E4-81F8-AC4026698A43}.Release|ARM64.Build.0 = Release|Any CPU
		{BAB5BEC7-CBD1-47E4-81F8-AC4026698A43}.Release|x64.ActiveCfg = Release|Any CPU
		{BAB5BEC7-CBD1-47E4-81F8-AC4026698A43}.Release|x64.Build.0 = Release|Any CPU
		{BAB5BEC7-CBD1-47E4-81F8-AC4026698A43}.Release|x86.ActiveCfg = Release|Any CPU
		{BAB5BEC7-CBD1-47E4-81F8-AC4026698A43}.Release|x86.Build.0 = Release|Any CPU
		{296828F7-8B3C-43ED-9141-63889E522D49}.Debug|Any CPU.ActiveCfg = Debug|Any CPU
		{296828F7-8B3C-43ED-9141-63889E522D49}.Debug|Any CPU.Build.0 = Debug|Any CPU
		{296828F7-8B3C-43ED-9141-63889E522D49}.Debug|ARM64.ActiveCfg = Debug|Any CPU
		{296828F7-8B3C-43ED-9141-63889E522D49}.Debug|ARM64.Build.0 = Debug|Any CPU
		{296828F7-8B3C-43ED-9141-63889E522D49}.Debug|x64.ActiveCfg = Debug|Any CPU
		{296828F7-8B3C-43ED-9141-63889E522D49}.Debug|x64.Build.0 = Debug|Any CPU
		{296828F7-8B3C-43ED-9141-63889E522D49}.Debug|x86.ActiveCfg = Debug|Any CPU
		{296828F7-8B3C-43ED-9141-63889E522D49}.Debug|x86.Build.0 = Debug|Any CPU
		{296828F7-8B3C-43ED-9141-63889E522D49}.Release|Any CPU.ActiveCfg = Release|Any CPU
		{296828F7-8B3C-43ED-9141-63889E522D49}.Release|Any CPU.Build.0 = Release|Any CPU
		{296828F7-8B3C-43ED-9141-63889E522D49}.Release|ARM64.ActiveCfg = Release|Any CPU
		{296828F7-8B3C-43ED-9141-63889E522D49}.Release|ARM64.Build.0 = Release|Any CPU
		{296828F7-8B3C-43ED-9141-63889E522D49}.Release|x64.ActiveCfg = Release|Any CPU
		{296828F7-8B3C-43ED-9141-63889E522D49}.Release|x64.Build.0 = Release|Any CPU
		{296828F7-8B3C-43ED-9141-63889E522D49}.Release|x86.ActiveCfg = Release|Any CPU
		{296828F7-8B3C-43ED-9141-63889E522D49}.Release|x86.Build.0 = Release|Any CPU
		{08996D69-F30F-4DC8-95D4-FFC7ECD2032A}.Debug|Any CPU.ActiveCfg = Debug|x64
		{08996D69-F30F-4DC8-95D4-FFC7ECD2032A}.Debug|Any CPU.Build.0 = Debug|x64
		{08996D69-F30F-4DC8-95D4-FFC7ECD2032A}.Debug|Any CPU.Deploy.0 = Debug|x64
		{08996D69-F30F-4DC8-95D4-FFC7ECD2032A}.Debug|ARM64.ActiveCfg = Debug|ARM64
		{08996D69-F30F-4DC8-95D4-FFC7ECD2032A}.Debug|ARM64.Build.0 = Debug|ARM64
		{08996D69-F30F-4DC8-95D4-FFC7ECD2032A}.Debug|ARM64.Deploy.0 = Debug|ARM64
		{08996D69-F30F-4DC8-95D4-FFC7ECD2032A}.Debug|x64.ActiveCfg = Debug|x64
		{08996D69-F30F-4DC8-95D4-FFC7ECD2032A}.Debug|x64.Build.0 = Debug|x64
		{08996D69-F30F-4DC8-95D4-FFC7ECD2032A}.Debug|x64.Deploy.0 = Debug|x64
		{08996D69-F30F-4DC8-95D4-FFC7ECD2032A}.Debug|x86.ActiveCfg = Debug|x86
		{08996D69-F30F-4DC8-95D4-FFC7ECD2032A}.Debug|x86.Build.0 = Debug|x86
		{08996D69-F30F-4DC8-95D4-FFC7ECD2032A}.Debug|x86.Deploy.0 = Debug|x86
		{08996D69-F30F-4DC8-95D4-FFC7ECD2032A}.Release|Any CPU.ActiveCfg = Release|x64
		{08996D69-F30F-4DC8-95D4-FFC7ECD2032A}.Release|Any CPU.Build.0 = Release|x64
		{08996D69-F30F-4DC8-95D4-FFC7ECD2032A}.Release|Any CPU.Deploy.0 = Release|x64
		{08996D69-F30F-4DC8-95D4-FFC7ECD2032A}.Release|ARM64.ActiveCfg = Release|ARM64
		{08996D69-F30F-4DC8-95D4-FFC7ECD2032A}.Release|ARM64.Build.0 = Release|ARM64
		{08996D69-F30F-4DC8-95D4-FFC7ECD2032A}.Release|ARM64.Deploy.0 = Release|ARM64
		{08996D69-F30F-4DC8-95D4-FFC7ECD2032A}.Release|x64.ActiveCfg = Release|x64
		{08996D69-F30F-4DC8-95D4-FFC7ECD2032A}.Release|x64.Build.0 = Release|x64
		{08996D69-F30F-4DC8-95D4-FFC7ECD2032A}.Release|x64.Deploy.0 = Release|x64
		{08996D69-F30F-4DC8-95D4-FFC7ECD2032A}.Release|x86.ActiveCfg = Release|x86
		{08996D69-F30F-4DC8-95D4-FFC7ECD2032A}.Release|x86.Build.0 = Release|x86
		{08996D69-F30F-4DC8-95D4-FFC7ECD2032A}.Release|x86.Deploy.0 = Release|x86
	EndGlobalSection
	GlobalSection(SolutionProperties) = preSolution
		HideSolutionNode = FALSE
	EndGlobalSection
	GlobalSection(ExtensibilityGlobals) = postSolution
		SolutionGuid = {4D1749C2-CA13-47C9-9216-42528D0B57CD}
	EndGlobalSection
EndGlobal
